
Microsoft Visual Studio Solution File, Format Version 12.00
# Visual Studio Version 17
VisualStudioVersion = 17.8.34212.112
MinimumVisualStudioVersion = 10.0.40219.1
Project("{FAE04EC0-301F-11D3-BF4B-00C04F79EFBC}") = "DemoBlazorWASMCustomAuthWithRefreshToken.Server", "DemoBlazorWASMCustomAuthWithRefreshToken\Server\DemoBlazorWASMCustomAuthWithRefreshToken.Server.csproj", "{AA8E3C89-9C50-4DF6-83FC-DF6B30248F1A}"
EndProject
Project("{FAE04EC0-301F-11D3-BF4B-00C04F79EFBC}") = "DemoBlazorWASMCustomAuthWithRefreshToken.Client", "DemoBlazorWASMCustomAuthWithRefreshToken\Client\DemoBlazorWASMCustomAuthWithRefreshToken.Client.csproj", "{FF4537F9-C330-4B3B-8DAE-5BC41813BC20}"
EndProject
Project("{FAE04EC0-301F-11D3-BF4B-00C04F79EFBC}") = "DemoBlazorWASMCustomAuthWithRefreshToken.Shared", "DemoBlazorWASMCustomAuthWithRefreshToken\Shared\DemoBlazorWASMCustomAuthWithRefreshToken.Shared.csproj", "{79EBB3BD-D204-482F-B833-9AC5041E07D2}"
EndProject
Global
	GlobalSection(SolutionConfigurationPlatforms) = preSolution
		Debug|Any CPU = Debug|Any CPU
		Release|Any CPU = Release|Any CPU
	EndGlobalSection
	GlobalSection(ProjectConfigurationPlatforms) = postSolution
		{AA8E3C89-9C50-4DF6-83FC-DF6B30248F1A}.Debug|Any CPU.ActiveCfg = Debug|Any CPU
		{AA8E3C89-9C50-4DF6-83FC-DF6B30248F1A}.Debug|Any CPU.Build.0 = Debug|Any CPU
		{AA8E3C89-9C50-4DF6-83FC-DF6B30248F1A}.Release|Any CPU.ActiveCfg = Release|Any CPU
		{AA8E3C89-9C50-4DF6-83FC-DF6B30248F1A}.Release|Any CPU.Build.0 = Release|Any CPU
		{FF4537F9-C330-4B3B-8DAE-5BC41813BC20}.Debug|Any CPU.ActiveCfg = Debug|Any CPU
		{FF4537F9-C330-4B3B-8DAE-5BC41813BC20}.Debug|Any CPU.Build.0 = Debug|Any CPU
		{FF4537F9-C330-4B3B-8DAE-5BC41813BC20}.Release|Any CPU.ActiveCfg = Release|Any CPU
		{FF4537F9-C330-4B3B-8DAE-5BC41813BC20}.Release|Any CPU.Build.0 = Release|Any CPU
		{79EBB3BD-D204-482F-B833-9AC5041E07D2}.Debug|Any CPU.ActiveCfg = Debug|Any CPU
		{79EBB3BD-D204-482F-B833-9AC5041E07D2}.Debug|Any CPU.Build.0 = Debug|Any CPU
		{79EBB3BD-D204-482F-B833-9AC5041E07D2}.Release|Any CPU.ActiveCfg = Release|Any CPU
		{79EBB3BD-D204-482F-B833-9AC5041E07D2}.Release|Any CPU.Build.0 = Release|Any CPU
	EndGlobalSection
	GlobalSection(SolutionProperties) = preSolution
		HideSolutionNode = FALSE
	EndGlobalSection
	GlobalSection(ExtensibilityGlobals) = postSolution
		SolutionGuid = {7B3B8EB8-7EC8-4F57-A8C3-37AFC500341F}
	EndGlobalSection
EndGlobal
